
Microsoft Visual Studio Solution File, Format Version 12.00
# Visual Studio Version 17
VisualStudioVersion = 17.14.36429.23 d17.14
MinimumVisualStudioVersion = 10.0.40219.1
Project("{FAE04EC0-301F-11D3-BF4B-00C04F79EFBC}") = "PhotoAlbum", "PhotoAlbum\PhotoAlbum.csproj", "{02741E0D-4A78-4F9F-B533-773CE438A24D}"
EndProject
Global
	GlobalSection(SolutionConfigurationPlatforms) = preSolution
		Debug|Any CPU = Debug|Any CPU
		Release|Any CPU = Release|Any CPU
	EndGlobalSection
	GlobalSection(ProjectConfigurationPlatforms) = postSolution
		{02741E0D-4A78-4F9F-B533-773CE438A24D}.Debug|Any CPU.ActiveCfg = Debug|Any CPU
		{02741E0D-4A78-4F9F-B533-773CE438A24D}.Debug|Any CPU.Build.0 = Debug|Any CPU
		{02741E0D-4A78-4F9F-B533-773CE438A24D}.Release|Any CPU.ActiveCfg = Release|Any CPU
		{02741E0D-4A78-4F9F-B533-773CE438A24D}.Release|Any CPU.Build.0 = Release|Any CPU
	EndGlobalSection
	GlobalSection(SolutionProperties) = preSolution
		HideSolutionNode = FALSE
	EndGlobalSection
	GlobalSection(ExtensibilityGlobals) = postSolution
		SolutionGuid = {BD98D627-8EA8-4686-B931-D61BC9BDB01F}
	EndGlobalSection
EndGlobal
